
Microsoft Visual Studio Solution File, Format Version 12.00
# Visual Studio Version 16
VisualStudioVersion = 16.0.29102.190
MinimumVisualStudioVersion = 10.0.40219.1
Project("{9A19103F-16F7-4668-BE54-9A1E7A4F7556}") = "AfonsoftIPTV", "AfonsoftIPTV\AfonsoftIPTV\AfonsoftIPTV.csproj", "{37A9388B-45BE-4A8A-82E2-63F3934637C5}"
EndProject
Project("{FAE04EC0-301F-11D3-BF4B-00C04F79EFBC}") = "AfonsoftIPTV.Android", "AfonsoftIPTV\AfonsoftIPTV.Android\AfonsoftIPTV.Android.csproj", "{1FD63484-68FF-45D7-8B53-4DE1C86D1705}"
EndProject
Project("{FAE04EC0-301F-11D3-BF4B-00C04F79EFBC}") = "AfonsoftIPTV.iOS", "AfonsoftIPTV\AfonsoftIPTV.iOS\AfonsoftIPTV.iOS.csproj", "{506E61F3-D930-4136-8E01-443462B6C3CC}"
EndProject
Project("{9A19103F-16F7-4668-BE54-9A1E7A4F7556}") = "Afonsoft.Video", "Afonsoft.Video\Afonsoft.Video.csproj", "{53F14840-F5EA-4F60-B6A5-6A69E2CE2642}"
EndProject
Global
	GlobalSection(SolutionConfigurationPlatforms) = preSolution
		Ad-Hoc|Any CPU = Ad-Hoc|Any CPU
		Ad-Hoc|iPhone = Ad-Hoc|iPhone
		Ad-Hoc|iPhoneSimulator = Ad-Hoc|iPhoneSimulator
		AppStore|Any CPU = AppStore|Any CPU
		AppStore|iPhone = AppStore|iPhone
		AppStore|iPhoneSimulator = AppStore|iPhoneSimulator
		Debug|Any CPU = Debug|Any CPU
		Debug|iPhone = Debug|iPhone
		Debug|iPhoneSimulator = Debug|iPhoneSimulator
		Release|Any CPU = Release|Any CPU
		Release|iPhone = Release|iPhone
		Release|iPhoneSimulator = Release|iPhoneSimulator
	EndGlobalSection
	GlobalSection(ProjectConfigurationPlatforms) = postSolution
		{37A9388B-45BE-4A8A-82E2-63F3934637C5}.Ad-Hoc|Any CPU.ActiveCfg = Debug|Any CPU
		{37A9388B-45BE-4A8A-82E2-63F3934637C5}.Ad-Hoc|Any CPU.Build.0 = Debug|Any CPU
		{37A9388B-45BE-4A8A-82E2-63F3934637C5}.Ad-Hoc|iPhone.ActiveCfg = Debug|Any CPU
		{37A9388B-45BE-4A8A-82E2-63F3934637C5}.Ad-Hoc|iPhone.Build.0 = Debug|Any CPU
		{37A9388B-45BE-4A8A-82E2-63F3934637C5}.Ad-Hoc|iPhoneSimulator.ActiveCfg = Debug|Any CPU
		{37A9388B-45BE-4A8A-82E2-63F3934637C5}.Ad-Hoc|iPhoneSimulator.Build.0 = Debug|Any CPU
		{37A9388B-45BE-4A8A-82E2-63F3934637C5}.AppStore|Any CPU.ActiveCfg = Debug|Any CPU
		{37A9388B-45BE-4A8A-82E2-63F3934637C5}.AppStore|Any CPU.Build.0 = Debug|Any CPU
		{37A9388B-45BE-4A8A-82E2-63F3934637C5}.AppStore|iPhone.ActiveCfg = Debug|Any CPU
		{37A9388B-45BE-4A8A-82E2-63F3934637C5}.AppStore|iPhone.Build.0 = Debug|Any CPU
		{37A9388B-45BE-4A8A-82E2-63F3934637C5}.AppStore|iPhoneSimulator.ActiveCfg = Debug|Any CPU
		{37A9388B-45BE-4A8A-82E2-63F3934637C5}.AppStore|iPhoneSimulator.Build.0 = Debug|Any CPU
		{37A9388B-45BE-4A8A-82E2-63F3934637C5}.Debug|Any CPU.ActiveCfg = Debug|Any CPU
		{37A9388B-45BE-4A8A-82E2-63F3934637C5}.Debug|Any CPU.Build.0 = Debug|Any CPU
		{37A9388B-45BE-4A8A-82E2-63F3934637C5}.Debug|iPhone.ActiveCfg = Debug|Any CPU
		{37A9388B-45BE-4A8A-82E2-63F3934637C5}.Debug|iPhone.Build.0 = Debug|Any CPU
		{37A9388B-45BE-4A8A-82E2-63F3934637C5}.Debug|iPhoneSimulator.ActiveCfg = Debug|Any CPU
		{37A9388B-45BE-4A8A-82E2-63F3934637C5}.Debug|iPhoneSimulator.Build.0 = Debug|Any CPU
		{37A9388B-45BE-4A8A-82E2-63F3934637C5}.Release|Any CPU.ActiveCfg = Release|Any CPU
		{37A9388B-45BE-4A8A-82E2-63F3934637C5}.Release|Any CPU.Build.0 = Release|Any CPU
		{37A9388B-45BE-4A8A-82E2-63F3934637C5}.Release|iPhone.ActiveCfg = Release|Any CPU
		{37A9388B-45BE-4A8A-82E2-63F3934637C5}.Release|iPhone.Build.0 = Release|Any CPU
		{37A9388B-45BE-4A8A-82E2-63F3934637C5}.Release|iPhoneSimulator.ActiveCfg = Release|Any CPU
		{37A9388B-45BE-4A8A-82E2-63F3934637C5}.Release|iPhoneSimulator.Build.0 = Release|Any CPU
		{1FD63484-68FF-45D7-8B53-4DE1C86D1705}.Ad-Hoc|Any CPU.ActiveCfg = Release|Any CPU
		{1FD63484-68FF-45D7-8B53-4DE1C86D1705}.Ad-Hoc|Any CPU.Build.0 = Release|Any CPU
		{1FD63484-68FF-45D7-8B53-4DE1C86D1705}.Ad-Hoc|Any CPU.Deploy.0 = Release|Any CPU
		{1FD63484-68FF-45D7-8B53-4DE1C86D1705}.Ad-Hoc|iPhone.ActiveCfg = Release|Any CPU
		{1FD63484-68FF-45D7-8B53-4DE1C86D1705}.Ad-Hoc|iPhone.Build.0 = Release|Any CPU
		{1FD63484-68FF-45D7-8B53-4DE1C86D1705}.Ad-Hoc|iPhone.Deploy.0 = Release|Any CPU
		{1FD63484-68FF-45D7-8B53-4DE1C86D1705}.Ad-Hoc|iPhoneSimulator.ActiveCfg = Release|Any CPU
		{1FD63484-68FF-45D7-8B53-4DE1C86D1705}.Ad-Hoc|iPhoneSimulator.Build.0 = Release|Any CPU
		{1FD63484-68FF-45D7-8B53-4DE1C86D1705}.Ad-Hoc|iPhoneSimulator.Deploy.0 = Release|Any CPU
		{1FD63484-68FF-45D7-8B53-4DE1C86D1705}.AppStore|Any CPU.ActiveCfg = Release|Any CPU
		{1FD63484-68FF-45D7-8B53-4DE1C86D1705}.AppStore|Any CPU.Build.0 = Release|Any CPU
		{1FD63484-68FF-45D7-8B53-4DE1C86D1705}.AppStore|Any CPU.Deploy.0 = Release|Any CPU
		{1FD63484-68FF-45D7-8B53-4DE1C86D1705}.AppStore|iPhone.ActiveCfg = Release|Any CPU
		{1FD63484-68FF-45D7-8B53-4DE1C86D1705}.AppStore|iPhone.Build.0 = Release|Any CPU
		{1FD63484-68FF-45D7-8B53-4DE1C86D1705}.AppStore|iPhone.Deploy.0 = Release|Any CPU
		{1FD63484-68FF-45D7-8B53-4DE1C86D1705}.AppStore|iPhoneSimulator.ActiveCfg = Release|Any CPU
		{1FD63484-68FF-45D7-8B53-4DE1C86D1705}.AppStore|iPhoneSimulator.Build.0 = Release|Any CPU
		{1FD63484-68FF-45D7-8B53-4DE1C86D1705}.AppStore|iPhoneSimulator.Deploy.0 = Release|Any CPU
		{1FD63484-68FF-45D7-8B53-4DE1C86D1705}.Debug|Any CPU.ActiveCfg = Debug|Any CPU
		{1FD63484-68FF-45D7-8B53-4DE1C86D1705}.Debug|Any CPU.Build.0 = Debug|Any CPU
		{1FD63484-68FF-45D7-8B53-4DE1C86D1705}.Debug|Any CPU.Deploy.0 = Debug|Any CPU
		{1FD63484-68FF-45D7-8B53-4DE1C86D1705}.Debug|iPhone.ActiveCfg = Debug|Any CPU
		{1FD63484-68FF-45D7-8B53-4DE1C86D1705}.Debug|iPhone.Build.0 = Debug|Any CPU
		{1FD63484-68FF-45D7-8B53-4DE1C86D1705}.Debug|iPhone.Deploy.0 = Debug|Any CPU
		{1FD63484-68FF-45D7-8B53-4DE1C86D1705}.Debug|iPhoneSimulator.ActiveCfg = Debug|Any CPU
		{1FD63484-68FF-45D7-8B53-4DE1C86D1705}.Debug|iPhoneSimulator.Build.0 = Debug|Any CPU
		{1FD63484-68FF-45D7-8B53-4DE1C86D1705}.Debug|iPhoneSimulator.Deploy.0 = Debug|Any CPU
		{1FD63484-68FF-45D7-8B53-4DE1C86D1705}.Release|Any CPU.ActiveCfg = Release|Any CPU
		{1FD63484-68FF-45D7-8B53-4DE1C86D1705}.Release|Any CPU.Build.0 = Release|Any CPU
		{1FD63484-68FF-45D7-8B53-4DE1C86D1705}.Release|Any CPU.Deploy.0 = Release|Any CPU
		{1FD63484-68FF-45D7-8B53-4DE1C86D1705}.Release|iPhone.ActiveCfg = Release|Any CPU
		{1FD63484-68FF-45D7-8B53-4DE1C86D1705}.Release|iPhone.Build.0 = Release|Any CPU
		{1FD63484-68FF-45D7-8B53-4DE1C86D1705}.Release|iPhone.Deploy.0 = Release|Any CPU
		{1FD63484-68FF-45D7-8B53-4DE1C86D1705}.Release|iPhoneSimulator.ActiveCfg = Release|Any CPU
		{1FD63484-68FF-45D7-8B53-4DE1C86D1705}.Release|iPhoneSimulator.Build.0 = Release|Any CPU
		{1FD63484-68FF-45D7-8B53-4DE1C86D1705}.Release|iPhoneSimulator.Deploy.0 = Release|Any CPU
		{506E61F3-D930-4136-8E01-443462B6C3CC}.Ad-Hoc|Any CPU.ActiveCfg = Ad-Hoc|iPhone
		{506E61F3-D930-4136-8E01-443462B6C3CC}.Ad-Hoc|iPhone.ActiveCfg = Ad-Hoc|iPhone
		{506E61F3-D930-4136-8E01-443462B6C3CC}.Ad-Hoc|iPhone.Build.0 = Ad-Hoc|iPhone
		{506E61F3-D930-4136-8E01-443462B6C3CC}.Ad-Hoc|iPhoneSimulator.ActiveCfg = Ad-Hoc|iPhoneSimulator
		{506E61F3-D930-4136-8E01-443462B6C3CC}.Ad-Hoc|iPhoneSimulator.Build.0 = Ad-Hoc|iPhoneSimulator
		{506E61F3-D930-4136-8E01-443462B6C3CC}.AppStore|Any CPU.ActiveCfg = AppStore|iPhone
		{506E61F3-D930-4136-8E01-443462B6C3CC}.AppStore|iPhone.ActiveCfg = AppStore|iPhone
		{506E61F3-D930-4136-8E01-443462B6C3CC}.AppStore|iPhone.Build.0 = AppStore|iPhone
		{506E61F3-D930-4136-8E01-443462B6C3CC}.AppStore|iPhoneSimulator.ActiveCfg = AppStore|iPhoneSimulator
		{506E61F3-D930-4136-8E01-443462B6C3CC}.AppStore|iPhoneSimulator.Build.0 = AppStore|iPhoneSimulator
		{506E61F3-D930-4136-8E01-443462B6C3CC}.Debug|Any CPU.ActiveCfg = Debug|iPhone
		{506E61F3-D930-4136-8E01-443462B6C3CC}.Debug|iPhone.ActiveCfg = Debug|iPhone
		{506E61F3-D930-4136-8E01-443462B6C3CC}.Debug|iPhone.Build.0 = Debug|iPhone
		{506E61F3-D930-4136-8E01-443462B6C3CC}.Debug|iPhoneSimulator.ActiveCfg = Debug|iPhoneSimulator
		{506E61F3-D930-4136-8E01-443462B6C3CC}.Debug|iPhoneSimulator.Build.0 = Debug|iPhoneSimulator
		{506E61F3-D930-4136-8E01-443462B6C3CC}.Release|Any CPU.ActiveCfg = Release|iPhone
		{506E61F3-D930-4136-8E01-443462B6C3CC}.Release|iPhone.ActiveCfg = Release|iPhone
		{506E61F3-D930-4136-8E01-443462B6C3CC}.Release|iPhone.Build.0 = Release|iPhone
		{506E61F3-D930-4136-8E01-443462B6C3CC}.Release|iPhoneSimulator.ActiveCfg = Release|iPhoneSimulator
		{506E61F3-D930-4136-8E01-443462B6C3CC}.Release|iPhoneSimulator.Build.0 = Release|iPhoneSimulator
		{53F14840-F5EA-4F60-B6A5-6A69E2CE2642}.Ad-Hoc|Any CPU.ActiveCfg = Debug|Any CPU
		{53F14840-F5EA-4F60-B6A5-6A69E2CE2642}.Ad-Hoc|Any CPU.Build.0 = Debug|Any CPU
		{53F14840-F5EA-4F60-B6A5-6A69E2CE2642}.Ad-Hoc|iPhone.ActiveCfg = Debug|Any CPU
		{53F14840-F5EA-4F60-B6A5-6A69E2CE2642}.Ad-Hoc|iPhone.Build.0 = Debug|Any CPU
		{53F14840-F5EA-4F60-B6A5-6A69E2CE2642}.Ad-Hoc|iPhoneSimulator.ActiveCfg = Debug|Any CPU
		{53F14840-F5EA-4F60-B6A5-6A69E2CE2642}.Ad-Hoc|iPhoneSimulator.Build.0 = Debug|Any CPU
		{53F14840-F5EA-4F60-B6A5-6A69E2CE2642}.AppStore|Any CPU.ActiveCfg = Debug|Any CPU
		{53F14840-F5EA-4F60-B6A5-6A69E2CE2642}.AppStore|Any CPU.Build.0 = Debug|Any CPU
		{53F14840-F5EA-4F60-B6A5-6A69E2CE2642}.AppStore|iPhone.ActiveCfg = Debug|Any CPU
		{53F14840-F5EA-4F60-B6A5-6A69E2CE2642}.AppStore|iPhone.Build.0 = Debug|Any CPU
		{53F14840-F5EA-4F60-B6A5-6A69E2CE2642}.AppStore|iPhoneSimulator.ActiveCfg = Debug|Any CPU
		{53F14840-F5EA-4F60-B6A5-6A69E2CE2642}.AppStore|iPhoneSimulator.Build.0 = Debug|Any CPU
		{53F14840-F5EA-4F60-B6A5-6A69E2CE2642}.Debug|Any CPU.ActiveCfg = Debug|Any CPU
		{53F14840-F5EA-4F60-B6A5-6A69E2CE2642}.Debug|Any CPU.Build.0 = Debug|Any CPU
		{53F14840-F5EA-4F60-B6A5-6A69E2CE2642}.Debug|iPhone.ActiveCfg = Debug|Any CPU
		{53F14840-F5EA-4F60-B6A5-6A69E2CE2642}.Debug|iPhone.Build.0 = Debug|Any CPU
		{53F14840-F5EA-4F60-B6A5-6A69E2CE2642}.Debug|iPhoneSimulator.ActiveCfg = Debug|Any CPU
		{53F14840-F5EA-4F60-B6A5-6A69E2CE2642}.Debug|iPhoneSimulator.Build.0 = Debug|Any CPU
		{53F14840-F5EA-4F60-B6A5-6A69E2CE2642}.Release|Any CPU.ActiveCfg = Release|Any CPU
		{53F14840-F5EA-4F60-B6A5-6A69E2CE2642}.Release|Any CPU.Build.0 = Release|Any CPU
		{53F14840-F5EA-4F60-B6A5-6A69E2CE2642}.Release|iPhone.ActiveCfg = Release|Any CPU
		{53F14840-F5EA-4F60-B6A5-6A69E2CE2642}.Release|iPhone.Build.0 = Release|Any CPU
		{53F14840-F5EA-4F60-B6A5-6A69E2CE2642}.Release|iPhoneSimulator.ActiveCfg = Release|Any CPU
		{53F14840-F5EA-4F60-B6A5-6A69E2CE2642}.Release|iPhoneSimulator.Build.0 = Release|Any CPU
	EndGlobalSection
	GlobalSection(SolutionProperties) = preSolution
		HideSolutionNode = FALSE
	EndGlobalSection
	GlobalSection(ExtensibilityGlobals) = postSolution
		SolutionGuid = {4DA012CD-C997-496B-B7CB-3FC73B938C6D}
	EndGlobalSection
EndGlobal
